
Microsoft Visual Studio Solution File, Format Version 12.00
# Visual Studio Version 17
VisualStudioVersion = 17.8.34525.116
MinimumVisualStudioVersion = 10.0.40219.1
Project("{FAE04EC0-301F-11D3-BF4B-00C04F79EFBC}") = "Despesas", "Despesas\Despesas.csproj", "{BE2BC0F2-1F9C-43B2-8B90-4DB33F10EFDF}"
EndProject
Global
	GlobalSection(SolutionConfigurationPlatforms) = preSolution
		Debug|Any CPU = Debug|Any CPU
		Release|Any CPU = Release|Any CPU
	EndGlobalSection
	GlobalSection(ProjectConfigurationPlatforms) = postSolution
		{BE2BC0F2-1F9C-43B2-8B90-4DB33F10EFDF}.Debug|Any CPU.ActiveCfg = Debug|Any CPU
		{BE2BC0F2-1F9C-43B2-8B90-4DB33F10EFDF}.Debug|Any CPU.Build.0 = Debug|Any CPU
		{BE2BC0F2-1F9C-43B2-8B90-4DB33F10EFDF}.Release|Any CPU.ActiveCfg = Release|Any CPU
		{BE2BC0F2-1F9C-43B2-8B90-4DB33F10EFDF}.Release|Any CPU.Build.0 = Release|Any CPU
	EndGlobalSection
	GlobalSection(SolutionProperties) = preSolution
		HideSolutionNode = FALSE
	EndGlobalSection
	GlobalSection(ExtensibilityGlobals) = postSolution
		SolutionGuid = {B9898BE7-7526-4E86-975B-B2E5C33A4D8B}
	EndGlobalSection
EndGlobal
